// !$*UTF8*$!
{
	archiveVersion = 1;
	classes = {
	};
	objectVersion = 55;
	objects = {

/* Begin PBXBuildFile section */
		654FADA62B1CE9540073AE93 /* GameState.swift in Sources */ = {isa = PBXBuildFile; fileRef = 654FADA52B1CE9540073AE93 /* GameState.swift */; };
		654FADA82B1CE9AA0073AE93 /* level_2.txt in Resources */ = {isa = PBXBuildFile; fileRef = 654FADA72B1CE9AA0073AE93 /* level_2.txt */; };
		655D2C5B2B1C4C1B00E0CC32 /* Helper.swift in Sources */ = {isa = PBXBuildFile; fileRef = 655D2C5A2B1C4C1B00E0CC32 /* Helper.swift */; };
		655D2C5E2B1C4C8200E0CC32 /* level_1.txt in Resources */ = {isa = PBXBuildFile; fileRef = 655D2C5D2B1C4C8200E0CC32 /* level_1.txt */; };
		F455D9DC27CBF0E200AD439C /* GameScene.swift in Sources */ = {isa = PBXBuildFile; fileRef = F455D9DB27CBF0E200AD439C /* GameScene.swift */; };
		F48C6B2F27C137060057BCF9 /* BreakoutApp.swift in Sources */ = {isa = PBXBuildFile; fileRef = F48C6B2E27C137060057BCF9 /* BreakoutApp.swift */; };
		F48C6B3127C137060057BCF9 /* ContentView.swift in Sources */ = {isa = PBXBuildFile; fileRef = F48C6B3027C137060057BCF9 /* ContentView.swift */; };
		F48C6B3327C137070057BCF9 /* Assets.xcassets in Resources */ = {isa = PBXBuildFile; fileRef = F48C6B3227C137070057BCF9 /* Assets.xcassets */; };
		F48C6B3627C137070057BCF9 /* Preview Assets.xcassets in Resources */ = {isa = PBXBuildFile; fileRef = F48C6B3527C137070057BCF9 /* Preview Assets.xcassets */; };
		F4AA651827D76C0400728519 /* FinishScenes.swift in Sources */ = {isa = PBXBuildFile; fileRef = F4AA651727D76C0400728519 /* FinishScenes.swift */; };
		F4CA4E2D27CEA51C00D16A42 /* GameView.swift in Sources */ = {isa = PBXBuildFile; fileRef = F4CA4E2C27CEA51C00D16A42 /* GameView.swift */; };
/* End PBXBuildFile section */

/* Begin PBXFileReference section */
		654FADA52B1CE9540073AE93 /* GameState.swift */ = {isa = PBXFileReference; lastKnownFileType = sourcecode.swift; path = GameState.swift; sourceTree = "<group>"; };
		654FADA72B1CE9AA0073AE93 /* level_2.txt */ = {isa = PBXFileReference; lastKnownFileType = text; path = level_2.txt; sourceTree = "<group>"; };
		655D2C5A2B1C4C1B00E0CC32 /* Helper.swift */ = {isa = PBXFileReference; lastKnownFileType = sourcecode.swift; path = Helper.swift; sourceTree = "<group>"; };
		655D2C5D2B1C4C8200E0CC32 /* level_1.txt */ = {isa = PBXFileReference; lastKnownFileType = text; path = level_1.txt; sourceTree = "<group>"; };
		F455D9DB27CBF0E200AD439C /* GameScene.swift */ = {isa = PBXFileReference; lastKnownFileType = sourcecode.swift; path = GameScene.swift; sourceTree = "<group>"; };
		F48C6B2B27C137060057BCF9 /* Breakout.app */ = {isa = PBXFileReference; explicitFileType = wrapper.application; includeInIndex = 0; path = Breakout.app; sourceTree = BUILT_PRODUCTS_DIR; };
		F48C6B2E27C137060057BCF9 /* BreakoutApp.swift */ = {isa = PBXFileReference; lastKnownFileType = sourcecode.swift; path = BreakoutApp.swift; sourceTree = "<group>"; };
		F48C6B3027C137060057BCF9 /* ContentView.swift */ = {isa = PBXFileReference; lastKnownFileType = sourcecode.swift; path = ContentView.swift; sourceTree = "<group>"; };
		F48C6B3227C137070057BCF9 /* Assets.xcassets */ = {isa = PBXFileReference; lastKnownFileType = folder.assetcatalog; path = Assets.xcassets; sourceTree = "<group>"; };
		F48C6B3527C137070057BCF9 /* Preview Assets.xcassets */ = {isa = PBXFileReference; lastKnownFileType = folder.assetcatalog; path = "Preview Assets.xcassets"; sourceTree = "<group>"; };
		F4AA651727D76C0400728519 /* FinishScenes.swift */ = {isa = PBXFileReference; lastKnownFileType = sourcecode.swift; path = FinishScenes.swift; sourceTree = "<group>"; };
		F4CA4E2C27CEA51C00D16A42 /* GameView.swift */ = {isa = PBXFileReference; lastKnownFileType = sourcecode.swift; path = GameView.swift; sourceTree = "<group>"; };
/* End PBXFileReference section */

/* Begin PBXFrameworksBuildPhase section */
		F48C6B2827C137060057BCF9 /* Frameworks */ = {
			isa = PBXFrameworksBuildPhase;
			buildActionMask = 2147483647;
			files = (
			);
			runOnlyForDeploymentPostprocessing = 0;
		};
/* End PBXFrameworksBuildPhase section */

/* Begin PBXGroup section */
		F48C6B2227C137060057BCF9 = {
			isa = PBXGroup;
			children = (
				F48C6B2D27C137060057BCF9 /* Breakout */,
				F48C6B2C27C137060057BCF9 /* Products */,
			);
			sourceTree = "<group>";
		};
		F48C6B2C27C137060057BCF9 /* Products */ = {
			isa = PBXGroup;
			children = (
				F48C6B2B27C137060057BCF9 /* Breakout.app */,
			);
			name = Products;
			sourceTree = "<group>";
		};
		F48C6B2D27C137060057BCF9 /* Breakout */ = {
			isa = PBXGroup;
			children = (
				F48C6B2E27C137060057BCF9 /* BreakoutApp.swift */,
				F48C6B3027C137060057BCF9 /* ContentView.swift */,
				F4CA4E2C27CEA51C00D16A42 /* GameView.swift */,
				654FADA52B1CE9540073AE93 /* GameState.swift */,
				F455D9DB27CBF0E200AD439C /* GameScene.swift */,
				F4AA651727D76C0400728519 /* FinishScenes.swift */,
				655D2C5A2B1C4C1B00E0CC32 /* Helper.swift */,
				655D2C5D2B1C4C8200E0CC32 /* level_1.txt */,
				654FADA72B1CE9AA0073AE93 /* level_2.txt */,
				F48C6B3227C137070057BCF9 /* Assets.xcassets */,
				F48C6B3427C137070057BCF9 /* Preview Content */,
			);
			path = Breakout;
			sourceTree = "<group>";
		};
		F48C6B3427C137070057BCF9 /* Preview Content */ = {
			isa = PBXGroup;
			children = (
				F48C6B3527C137070057BCF9 /* Preview Assets.xcassets */,
			);
			path = "Preview Content";
			sourceTree = "<group>";
		};
/* End PBXGroup section */

/* Begin PBXNativeTarget section */
		F48C6B2A27C137060057BCF9 /* Breakout */ = {
			isa = PBXNativeTarget;
			buildConfigurationList = F48C6B3927C137070057BCF9 /* Build configuration list for PBXNativeTarget "Breakout" */;
			buildPhases = (
				F48C6B2727C137060057BCF9 /* Sources */,
				F48C6B2827C137060057BCF9 /* Frameworks */,
				F48C6B2927C137060057BCF9 /* Resources */,
			);
			buildRules = (
			);
			dependencies = (
			);
			name = Breakout;
			productName = Breakout;
			productReference = F48C6B2B27C137060057BCF9 /* Breakout.app */;
			productType = "com.apple.product-type.application";
		};
/* End PBXNativeTarget section */

/* Begin PBXProject section */
		F48C6B2327C137060057BCF9 /* Project object */ = {
			isa = PBXProject;
			attributes = {
				BuildIndependentTargetsInParallel = 1;
				LastSwiftUpdateCheck = 1320;
				LastUpgradeCheck = 1500;
				TargetAttributes = {
					F48C6B2A27C137060057BCF9 = {
						CreatedOnToolsVersion = 13.2.1;
					};
				};
			};
			buildConfigurationList = F48C6B2627C137060057BCF9 /* Build configuration list for PBXProject "Breakout" */;
			compatibilityVersion = "Xcode 13.0";
			developmentRegion = en;
			hasScannedForEncodings = 0;
			knownRegions = (
				en,
				Base,
			);
			mainGroup = F48C6B2227C137060057BCF9;
			productRefGroup = F48C6B2C27C137060057BCF9 /* Products */;
			projectDirPath = "";
			projectRoot = "";
			targets = (
				F48C6B2A27C137060057BCF9 /* Breakout */,
			);
		};
/* End PBXProject section */

/* Begin PBXResourcesBuildPhase section */
		F48C6B2927C137060057BCF9 /* Resources */ = {
			isa = PBXResourcesBuildPhase;
			buildActionMask = 2147483647;
			files = (
				F48C6B3627C137070057BCF9 /* Preview Assets.xcassets in Resources */,
				655D2C5E2B1C4C8200E0CC32 /* level_1.txt in Resources */,
				654FADA82B1CE9AA0073AE93 /* level_2.txt in Resources */,
				F48C6B3327C137070057BCF9 /* Assets.xcassets in Resources */,
			);
			runOnlyForDeploymentPostprocessing = 0;
		};
/* End PBXResourcesBuildPhase section */

/* Begin PBXSourcesBuildPhase section */
		F48C6B2727C137060057BCF9 /* Sources */ = {
			isa = PBXSourcesBuildPhase;
			buildActionMask = 2147483647;
			files = (
				654FADA62B1CE9540073AE93 /* GameState.swift in Sources */,
				F455D9DC27CBF0E200AD439C /* GameScene.swift in Sources */,
				F4AA651827D76C0400728519 /* FinishScenes.swift in Sources */,
				F48C6B3127C137060057BCF9 /* ContentView.swift in Sources */,
				F4CA4E2D27CEA51C00D16A42 /* GameView.swift in Sources */,
				F48C6B2F27C137060057BCF9 /* BreakoutApp.swift in Sources */,
				655D2C5B2B1C4C1B00E0CC32 /* Helper.swift in Sources */,
			);
			runOnlyForDeploymentPostprocessing = 0;
		};
/* End PBXSourcesBuildPhase section */

/* Begin XCBuildConfiguration section */
		F48C6B3727C137070057BCF9 /* Debug */ = {
			isa = XCBuildConfiguration;
			buildSettings = {
				ALWAYS_SEARCH_USER_PATHS = NO;
				CLANG_ANALYZER_NONNULL = YES;
				CLANG_ANALYZER_NUMBER_OBJECT_CONVERSION = YES_AGGRESSIVE;
				CLANG_CXX_LANGUAGE_STANDARD = "gnu++17";
				CLANG_CXX_LIBRARY = "libc++";
				CLANG_ENABLE_MODULES = YES;
				CLANG_ENABLE_OBJC_ARC = YES;
				CLANG_ENABLE_OBJC_WEAK = YES;
				CLANG_WARN_BLOCK_CAPTURE_AUTORELEASING = YES;
				CLANG_WARN_BOOL_CONVERSION = YES;
				CLANG_WARN_COMMA = YES;
				CLANG_WARN_CONSTANT_CONVERSION = YES;
				CLANG_WARN_DEPRECATED_OBJC_IMPLEMENTATIONS = YES;
				CLANG_WARN_DIRECT_OBJC_ISA_USAGE = YES_ERROR;
				CLANG_WARN_DOCUMENTATION_COMMENTS = YES;
				CLANG_WARN_EMPTY_BODY = YES;
				CLANG_WARN_ENUM_CONVERSION = YES;
				CLANG_WARN_INFINITE_RECURSION = YES;
				CLANG_WARN_INT_CONVERSION = YES;
				CLANG_WARN_NON_LITERAL_NULL_CONVERSION = YES;
				CLANG_WARN_OBJC_IMPLICIT_RETAIN_SELF = YES;
				CLANG_WARN_OBJC_LITERAL_CONVERSION = YES;
				CLANG_WARN_OBJC_ROOT_CLASS = YES_ERROR;
				CLANG_WARN_QUOTED_INCLUDE_IN_FRAMEWORK_HEADER = YES;
				CLANG_WARN_RANGE_LOOP_ANALYSIS = YES;
				CLANG_WARN_STRICT_PROTOTYPES = YES;
				CLANG_WARN_SUSPICIOUS_MOVE = YES;
				CLANG_WARN_UNGUARDED_AVAILABILITY = YES_AGGRESSIVE;
				CLANG_WARN_UNREACHABLE_CODE = YES;
				CLANG_WARN__DUPLICATE_METHOD_MATCH = YES;
				COPY_PHASE_STRIP = NO;
				DEBUG_INFORMATION_FORMAT = dwarf;
				ENABLE_STRICT_OBJC_MSGSEND = YES;
				ENABLE_TESTABILITY = YES;
				ENABLE_USER_SCRIPT_SANDBOXING = YES;
				GCC_C_LANGUAGE_STANDARD = gnu11;
				GCC_DYNAMIC_NO_PIC = NO;
				GCC_NO_COMMON_BLOCKS = YES;
				GCC_OPTIMIZATION_LEVEL = 0;
				GCC_PREPROCESSOR_DEFINITIONS = (
					"DEBUG=1",
					"$(inherited)",
				);
				GCC_WARN_64_TO_32_BIT_CONVERSION = YES;
				GCC_WARN_ABOUT_RETURN_TYPE = YES_ERROR;
				GCC_WARN_UNDECLARED_SELECTOR = YES;
				GCC_WARN_UNINITIALIZED_AUTOS = YES_AGGRESSIVE;
				GCC_WARN_UNUSED_FUNCTION = YES;
				GCC_WARN_UNUSED_VARIABLE = YES;
				IPHONEOS_DEPLOYMENT_TARGET = 17.0;
				MTL_ENABLE_DEBUG_INFO = INCLUDE_SOURCE;
				MTL_FAST_MATH = YES;
				ONLY_ACTIVE_ARCH = YES;
				SDKROOT = iphoneos;
				SWIFT_ACTIVE_COMPILATION_CONDITIONS = DEBUG;
				SWIFT_OPTIMIZATION_LEVEL = "-Onone";
			};
			name = Debug;
		};
		F48C6B3827C137070057BCF9 /* Release */ = {
			isa = XCBuildConfiguration;
			buildSettings = {
				ALWAYS_SEARCH_USER_PATHS = NO;
				CLANG_ANALYZER_NONNULL = YES;
				CLANG_ANALYZER_NUMBER_OBJECT_CONVERSION = YES_AGGRESSIVE;
				CLANG_CXX_LANGUAGE_STANDARD = "gnu++17";
				CLANG_CXX_LIBRARY = "libc++";
				CLANG_ENABLE_MODULES = YES;
				CLANG_ENABLE_OBJC_ARC = YES;
				CLANG_ENABLE_OBJC_WEAK = YES;
				CLANG_WARN_BLOCK_CAPTURE_AUTORELEASING = YES;
				CLANG_WARN_BOOL_CONVERSION = YES;
				CLANG_WARN_COMMA = YES;
				CLANG_WARN_CONSTANT_CONVERSION = YES;
				CLANG_WARN_DEPRECATED_OBJC_IMPLEMENTATIONS = YES;
				CLANG_WARN_DIRECT_OBJC_ISA_USAGE = YES_ERROR;
				CLANG_WARN_DOCUMENTATION_COMMENTS = YES;
				CLANG_WARN_EMPTY_BODY = YES;
				CLANG_WARN_ENUM_CONVERSION = YES;
				CLANG_WARN_INFINITE_RECURSION = YES;
				CLANG_WARN_INT_CONVERSION = YES;
				CLANG_WARN_NON_LITERAL_NULL_CONVERSION = YES;
				CLANG_WARN_OBJC_IMPLICIT_RETAIN_SELF = YES;
				CLANG_WARN_OBJC_LITERAL_CONVERSION = YES;
				CLANG_WARN_OBJC_ROOT_CLASS = YES_ERROR;
				CLANG_WARN_QUOTED_INCLUDE_IN_FRAMEWORK_HEADER = YES;
				CLANG_WARN_RANGE_LOOP_ANALYSIS = YES;
				CLANG_WARN_STRICT_PROTOTYPES = YES;
				CLANG_WARN_SUSPICIOUS_MOVE = YES;
				CLANG_WARN_UNGUARDED_AVAILABILITY = YES_AGGRESSIVE;
				CLANG_WARN_UNREACHABLE_CODE = YES;
				CLANG_WARN__DUPLICATE_METHOD_MATCH = YES;
				COPY_PHASE_STRIP = NO;
				DEBUG_INFORMATION_FORMAT = "dwarf-with-dsym";
				ENABLE_NS_ASSERTIONS = NO;
				ENABLE_STRICT_OBJC_MSGSEND = YES;
				ENABLE_USER_SCRIPT_SANDBOXING = YES;
				GCC_C_LANGUAGE_STANDARD = gnu11;
				GCC_NO_COMMON_BLOCKS = YES;
				GCC_WARN_64_TO_32_BIT_CONVERSION = YES;
				GCC_WARN_ABOUT_RETURN_TYPE = YES_ERROR;
				GCC_WARN_UNDECLARED_SELECTOR = YES;
				GCC_WARN_UNINITIALIZED_AUTOS = YES_AGGRESSIVE;
				GCC_WARN_UNUSED_FUNCTION = YES;
				GCC_WARN_UNUSED_VARIABLE = YES;
				IPHONEOS_DEPLOYMENT_TARGET = 17.0;
				MTL_ENABLE_DEBUG_INFO = NO;
				MTL_FAST_MATH = YES;
				SDKROOT = iphoneos;
				SWIFT_COMPILATION_MODE = wholemodule;
				SWIFT_OPTIMIZATION_LEVEL = "-O";
				VALIDATE_PRODUCT = YES;
			};
			name = Release;
		};
		F48C6B3A27C137070057BCF9 /* Debug */ = {
			isa = XCBuildConfiguration;
			buildSettings = {
				ASSETCATALOG_COMPILER_APPICON_NAME = AppIcon;
				ASSETCATALOG_COMPILER_GLOBAL_ACCENT_COLOR_NAME = AccentColor;
				CODE_SIGN_STYLE = Automatic;
				CURRENT_PROJECT_VERSION = 1;
				DEVELOPMENT_ASSET_PATHS = "\"Breakout/Preview Content\"";
				DEVELOPMENT_TEAM = 3Y249NQL8U;
				ENABLE_PREVIEWS = YES;
				GENERATE_INFOPLIST_FILE = YES;
				INFOPLIST_KEY_UIApplicationSceneManifest_Generation = YES;
				INFOPLIST_KEY_UIApplicationSupportsIndirectInputEvents = YES;
				INFOPLIST_KEY_UILaunchScreen_Generation = YES;
				INFOPLIST_KEY_UISupportedInterfaceOrientations_iPad = "UIInterfaceOrientationPortrait UIInterfaceOrientationPortraitUpsideDown UIInterfaceOrientationLandscapeLeft UIInterfaceOrientationLandscapeRight";
				INFOPLIST_KEY_UISupportedInterfaceOrientations_iPhone = "UIInterfaceOrientationPortrait UIInterfaceOrientationLandscapeLeft UIInterfaceOrientationLandscapeRight";
				LD_RUNPATH_SEARCH_PATHS = (
					"$(inherited)",
					"@executable_path/Frameworks",
				);
				MARKETING_VERSION = 1.0;
				PRODUCT_BUNDLE_IDENTIFIER = de.zenoco.Breakout;
				PRODUCT_NAME = "$(TARGET_NAME)";
				SWIFT_EMIT_LOC_STRINGS = YES;
				SWIFT_VERSION = 5.0;
				TARGETED_DEVICE_FAMILY = "1,2";
			};
			name = Debug;
		};
		F48C6B3B27C137070057BCF9 /* Release */ = {
			isa = XCBuildConfiguration;
			buildSettings = {
				ASSETCATALOG_COMPILER_APPICON_NAME = AppIcon;
				ASSETCATALOG_COMPILER_GLOBAL_ACCENT_COLOR_NAME = AccentColor;
				CODE_SIGN_STYLE = Automatic;
				CURRENT_PROJECT_VERSION = 1;
				DEVELOPMENT_ASSET_PATHS = "\"Breakout/Preview Content\"";
				DEVELOPMENT_TEAM = 3Y249NQL8U;
				ENABLE_PREVIEWS = YES;
				GENERATE_INFOPLIST_FILE = YES;
				INFOPLIST_KEY_UIApplicationSceneManifest_Generation = YES;
				INFOPLIST_KEY_UIApplicationSupportsIndirectInputEvents = YES;
				INFOPLIST_KEY_UILaunchScreen_Generation = YES;
				INFOPLIST_KEY_UISupportedInterfaceOrientations_iPad = "UIInterfaceOrientationPortrait UIInterfaceOrientationPortraitUpsideDown UIInterfaceOrientationLandscapeLeft UIInterfaceOrientationLandscapeRight";
				INFOPLIST_KEY_UISupportedInterfaceOrientations_iPhone = "UIInterfaceOrientationPortrait UIInterfaceOrientationLandscapeLeft UIInterfaceOrientationLandscapeRight";
				LD_RUNPATH_SEARCH_PATHS = (
					"$(inherited)",
					"@executable_path/Frameworks",
				);
				MARKETING_VERSION = 1.0;
				PRODUCT_BUNDLE_IDENTIFIER = de.zenoco.Breakout;
				PRODUCT_NAME = "$(TARGET_NAME)";
				SWIFT_EMIT_LOC_STRINGS = YES;
				SWIFT_VERSION = 5.0;
				TARGETED_DEVICE_FAMILY = "1,2";
			};
			name = Release;
		};
/* End XCBuildConfiguration section */

/* Begin XCConfigurationList section */
		F48C6B2627C137060057BCF9 /* Build configuration list for PBXProject "Breakout" */ = {
			isa = XCConfigurationList;
			buildConfigurations = (
				F48C6B3727C137070057BCF9 /* Debug */,
				F48C6B3827C137070057BCF9 /* Release */,
			);
			defaultConfigurationIsVisible = 0;
			defaultConfigurationName = Release;
		};
		F48C6B3927C137070057BCF9 /* Build configuration list for PBXNativeTarget "Breakout" */ = {
			isa = XCConfigurationList;
			buildConfigurations = (
				F48C6B3A27C137070057BCF9 /* Debug */,
				F48C6B3B27C137070057BCF9 /* Release */,
			);
			defaultConfigurationIsVisible = 0;
			defaultConfigurationName = Release;
		};
/* End XCConfigurationList section */
	};
	rootObject = F48C6B2327C137060057BCF9 /* Project object */;
}
